
Microsoft Visual Studio Solution File, Format Version 12.00
# Visual Studio Version 17
VisualStudioVersion = 17.5.33516.290
MinimumVisualStudioVersion = 10.0.40219.1
Project("{FAE04EC0-301F-11D3-BF4B-00C04F79EFBC}") = "PlagueGun", "PlagueGun\PlagueGun.csproj", "{F1DA9BC3-BE0A-423E-8BAC-73FB2D5830D4}"
EndProject
Global
	GlobalSection(SolutionConfigurationPlatforms) = preSolution
		Debug|Any CPU = Debug|Any CPU
		Release|Any CPU = Release|Any CPU
	EndGlobalSection
	GlobalSection(ProjectConfigurationPlatforms) = postSolution
		{F1DA9BC3-BE0A-423E-8BAC-73FB2D5830D4}.Debug|Any CPU.ActiveCfg = Debug|Any CPU
		{F1DA9BC3-BE0A-423E-8BAC-73FB2D5830D4}.Debug|Any CPU.Build.0 = Debug|Any CPU
		{F1DA9BC3-BE0A-423E-8BAC-73FB2D5830D4}.Release|Any CPU.ActiveCfg = Release|Any CPU
		{F1DA9BC3-BE0A-423E-8BAC-73FB2D5830D4}.Release|Any CPU.Build.0 = Release|Any CPU
	EndGlobalSection
	GlobalSection(SolutionProperties) = preSolution
		HideSolutionNode = FALSE
	EndGlobalSection
	GlobalSection(ExtensibilityGlobals) = postSolution
		SolutionGuid = {49A95291-C545-4619-AA71-63B1509C4D8C}
	EndGlobalSection
EndGlobal
